{
  "name": "6x6-matrix-mini",
  "version": "1.3.0",
  "lockfileVersion": 3,
  "requires": true,
  "packages": {
    "": {
      "name": "6x6-matrix-mini",
      "version": "1.3.0",
      "dependencies": {
        "@lumiastream/plugin": "0.9.0"
      }
    },
    "node_modules/@lumiastream/plugin": {
      "version": "0.9.0",
      "resolved": "https://registry.npmjs.org/@lumiastream/plugin/-/plugin-0.9.0.tgz",
      "integrity": "sha512-B9HwYZ5bwhPiE9aN7+rT7X5z6YWw5UzVs9hMJ2hlvNxYpomHik9kyAyg9NOYpSeVEQb/44kc+r7jlIRcBaXFTg==",
      "license": "MIT"
    }
  }
}
